Microsoft Visual Studio Solution File, Format Version 12.00
# Visual Studio Version 17
VisualStudioVersion = 17.5.2.0
MinimumVisualStudioVersion = 10.0.40219.1
Project("{2150E333-8FDC-42A3-9474-1A3956D46DE8}") = "cli", "cli", "{342A349A-D343-8551-4064-2E2800C39E13}"
EndProject
Project("{2150E333-8FDC-42A3-9474-1A3956D46DE8}") = "modules", "modules", "{CA253913-39DE-BFD0-C9A3-4B7EC6FBDF17}"
EndProject
Project("{2150E333-8FDC-42A3-9474-1A3956D46DE8}") = "tests", "tests", "{0AB3BF05-4346-4AA6-1389-037BE0695223}"
EndProject
Project("{2150E333-8FDC-42A3-9474-1A3956D46DE8}") = "tools", "tools", "{07C2787E-EAC7-C090-1BA3-A61EC2A24D84}"
EndProject
Project("{FAE04EC0-301F-11D3-BF4B-00C04F79EFBC}") = "OperCli", "cli\OperCli\OperCli.csproj", "{FF53C254-29B0-D131-3EBA-924C3D414DF8}"
EndProject
Project("{FAE04EC0-301F-11D3-BF4B-00C04F79EFBC}") = "AnchorTemplateExtractor", "modules\AnchorTemplateExtractor\AnchorTemplateExtractor.csproj", "{671FF0A8-DFEE-C9AF-04E0-49D407937CC1}"
EndProject
Project("{FAE04EC0-301F-11D3-BF4B-00C04F79EFBC}") = "CoreUtils", "modules\CoreUtils\CoreUtils.csproj", "{A430F3C5-22EF-1431-7D14-24CABE203412}"
EndProject
Project("{FAE04EC0-301F-11D3-BF4B-00C04F79EFBC}") = "ObjPipeline.Tests", "tests\ObjPipeline.Tests\ObjPipeline.Tests.csproj", "{27807581-42B8-93AE-6E36-E48CD7C2DBA2}"
EndProject
Project("{FAE04EC0-301F-11D3-BF4B-00C04F79EFBC}") = "ContentsProbe", "tools\ContentsProbe\ContentsProbe.csproj", "{8B839858-6914-FFED-3E98-FB699BEEA7FE}"
EndProject
Global
	GlobalSection(SolutionConfigurationPlatforms) = preSolution
		Debug|Any CPU = Debug|Any CPU
		Release|Any CPU = Release|Any CPU
	EndGlobalSection
	GlobalSection(ProjectConfigurationPlatforms) = postSolution
		{FF53C254-29B0-D131-3EBA-924C3D414DF8}.Debug|Any CPU.ActiveCfg = Debug|Any CPU
		{FF53C254-29B0-D131-3EBA-924C3D414DF8}.Debug|Any CPU.Build.0 = Debug|Any CPU
		{FF53C254-29B0-D131-3EBA-924C3D414DF8}.Release|Any CPU.ActiveCfg = Release|Any CPU
		{FF53C254-29B0-D131-3EBA-924C3D414DF8}.Release|Any CPU.Build.0 = Release|Any CPU
		{671FF0A8-DFEE-C9AF-04E0-49D407937CC1}.Debug|Any CPU.ActiveCfg = Debug|Any CPU
		{671FF0A8-DFEE-C9AF-04E0-49D407937CC1}.Debug|Any CPU.Build.0 = Debug|Any CPU
		{671FF0A8-DFEE-C9AF-04E0-49D407937CC1}.Release|Any CPU.ActiveCfg = Release|Any CPU
		{671FF0A8-DFEE-C9AF-04E0-49D407937CC1}.Release|Any CPU.Build.0 = Release|Any CPU
		{A430F3C5-22EF-1431-7D14-24CABE203412}.Debug|Any CPU.ActiveCfg = Debug|Any CPU
		{A430F3C5-22EF-1431-7D14-24CABE203412}.Debug|Any CPU.Build.0 = Debug|Any CPU
		{A430F3C5-22EF-1431-7D14-24CABE203412}.Release|Any CPU.ActiveCfg = Release|Any CPU
		{A430F3C5-22EF-1431-7D14-24CABE203412}.Release|Any CPU.Build.0 = Release|Any CPU
		{27807581-42B8-93AE-6E36-E48CD7C2DBA2}.Debug|Any CPU.ActiveCfg = Debug|Any CPU
		{27807581-42B8-93AE-6E36-E48CD7C2DBA2}.Debug|Any CPU.Build.0 = Debug|Any CPU
		{27807581-42B8-93AE-6E36-E48CD7C2DBA2}.Release|Any CPU.ActiveCfg = Release|Any CPU
		{27807581-42B8-93AE-6E36-E48CD7C2DBA2}.Release|Any CPU.Build.0 = Release|Any CPU
		{8B839858-6914-FFED-3E98-FB699BEEA7FE}.Debug|Any CPU.ActiveCfg = Debug|Any CPU
		{8B839858-6914-FFED-3E98-FB699BEEA7FE}.Debug|Any CPU.Build.0 = Debug|Any CPU
		{8B839858-6914-FFED-3E98-FB699BEEA7FE}.Release|Any CPU.ActiveCfg = Release|Any CPU
		{8B839858-6914-FFED-3E98-FB699BEEA7FE}.Release|Any CPU.Build.0 = Release|Any CPU
	EndGlobalSection
	GlobalSection(SolutionProperties) = preSolution
		HideSolutionNode = FALSE
	EndGlobalSection
	GlobalSection(NestedProjects) = preSolution
		{FF53C254-29B0-D131-3EBA-924C3D414DF8} = {342A349A-D343-8551-4064-2E2800C39E13}
		{671FF0A8-DFEE-C9AF-04E0-49D407937CC1} = {CA253913-39DE-BFD0-C9A3-4B7EC6FBDF17}
		{A430F3C5-22EF-1431-7D14-24CABE203412} = {CA253913-39DE-BFD0-C9A3-4B7EC6FBDF17}
		{27807581-42B8-93AE-6E36-E48CD7C2DBA2} = {0AB3BF05-4346-4AA6-1389-037BE0695223}
		{8B839858-6914-FFED-3E98-FB699BEEA7FE} = {07C2787E-EAC7-C090-1BA3-A61EC2A24D84}
	EndGlobalSection
	GlobalSection(ExtensibilityGlobals) = postSolution
		SolutionGuid = {27109DED-FC17-4235-94F0-5473D5F968F3}
	EndGlobalSection
EndGlobal
